
Microsoft Visual Studio Solution File, Format Version 12.00
# Visual Studio Version 17
VisualStudioVersion = 17.8.34322.80
MinimumVisualStudioVersion = 10.0.40219.1
Project("{FAE04EC0-301F-11D3-BF4B-00C04F79EFBC}") = "ConsoleApp1", "ConsoleApp1\ConsoleApp1.csproj", "{C219633E-016E-48A7-8499-B047CF858C9F}"
EndProject
Global
	GlobalSection(SolutionConfigurationPlatforms) = preSolution
		Debug|Any CPU = Debug|Any CPU
		Release|Any CPU = Release|Any CPU
	EndGlobalSection
	GlobalSection(ProjectConfigurationPlatforms) = postSolution
		{C219633E-016E-48A7-8499-B047CF858C9F}.Debug|Any CPU.ActiveCfg = Debug|Any CPU
		{C219633E-016E-48A7-8499-B047CF858C9F}.Debug|Any CPU.Build.0 = Debug|Any CPU
		{C219633E-016E-48A7-8499-B047CF858C9F}.Release|Any CPU.ActiveCfg = Release|Any CPU
		{C219633E-016E-48A7-8499-B047CF858C9F}.Release|Any CPU.Build.0 = Release|Any CPU
	EndGlobalSection
	GlobalSection(SolutionProperties) = preSolution
		HideSolutionNode = FALSE
	EndGlobalSection
	GlobalSection(ExtensibilityGlobals) = postSolution
		SolutionGuid = {1BF1B261-648D-4046-8A9B-6AA75F7CB488}
	EndGlobalSection
EndGlobal
